<?xml version="1.0" encoding="utf-8"?>
<Project ToolsVersion="4.0" xmlns="http://schemas.microsoft.com/developer/msbuild/2003">
  <ItemGroup>
    <ClCompile Include="Eject.cpp">
      <Filter>Source Files</Filter>
    </ClCompile>
    <ClCompile Include="Handle Hijacking.cpp">
      <Filter>Source Files</Filter>
    </ClCompile>
    <ClCompile Include="Import Handler WOW64.cpp">
      <Filter>Source Files</Filter>
    </ClCompile>
    <ClCompile Include="Import Handler.cpp">
      <Filter>Source Files</Filter>
    </ClCompile>
    <ClCompile Include="Injection WOW64.cpp">
      <Filter>Source Files</Filter>
    </ClCompile>
    <ClCompile Include="Injection.cpp">
      <Filter>Source Files</Filter>
    </ClCompile>
    <ClCompile Include="LdrLoadDll WOW64.cpp">
      <Filter>Source Files</Filter>
    </ClCompile>
    <ClCompile Include="LdrLoadDll WOW64cpp.cpp">
      <Filter>Source Files</Filter>
    </ClCompile>
    <ClCompile Include="LdrLoadDll.cpp">
      <Filter>Source Files</Filter>
    </ClCompile>
    <ClCompile Include="LoadLibraryExW WOW64.cpp">
      <Filter>Source Files</Filter>
    </ClCompile>
    <ClCompile Include="LoadLibraryExW.cpp">
      <Filter>Source Files</Filter>
    </ClCompile>
    <ClCompile Include="main.cpp">
      <Filter>Source Files</Filter>
    </ClCompile>
    <ClCompile Include="Manual Mapping WOW64.cpp">
      <Filter>Source Files</Filter>
    </ClCompile>
    <ClCompile Include="Manual Mapping.cpp">
      <Filter>Source Files</Filter>
    </ClCompile>
    <ClCompile Include="pch.cpp">
      <Filter>Source Files</Filter>
    </ClCompile>
    <ClCompile Include="Process Info.cpp">
      <Filter>Source Files</Filter>
    </ClCompile>
    <ClCompile Include="Start Routine WOW64.cpp">
      <Filter>Source Files</Filter>
    </ClCompile>
    <ClCompile Include="Start Routine.cpp">
      <Filter>Source Files</Filter>
    </ClCompile>
    <ClCompile Include="Tools.cpp">
      <Filter>Source Files</Filter>
    </ClCompile>
  </ItemGroup>
  <ItemGroup>
    <ClInclude Include="Eject.h">
      <Filter>Header Files</Filter>
    </ClInclude>
    <ClInclude Include="Error.h">
      <Filter>Header Files</Filter>
    </ClInclude>
    <ClInclude Include="Import Handler.h">
      <Filter>Header Files</Filter>
    </ClInclude>
    <ClInclude Include="Injection.h">
      <Filter>Header Files</Filter>
    </ClInclude>
    <ClInclude Include="NT Stuff.h">
      <Filter>Header Files</Filter>
    </ClInclude>
    <ClInclude Include="Manul Mapping.h">
      <Filter>Header Files</Filter>
    </ClInclude>
    <ClInclude Include="pch.h">
      <Filter>Header Files</Filter>
    </ClInclude>
    <ClInclude Include="Start Routine.h">
      <Filter>Header Files</Filter>
    </ClInclude>
    <ClInclude Include="Process Info.h">
      <Filter>Header Files</Filter>
    </ClInclude>
    <ClInclude Include="Tools.h">
      <Filter>Header Files</Filter>
    </ClInclude>
    <ClInclude Include="Handle Hijacking.h">
      <Filter>Header Files</Filter>
    </ClInclude>
  </ItemGroup>
  <ItemGroup>
    <Filter Include="Header Files">
      <UniqueIdentifier>{ddf2defd-146a-430f-af3d-dc249a05abe2}</UniqueIdentifier>
    </Filter>
    <Filter Include="Source Files">
      <UniqueIdentifier>{31cb5a85-2c94-4409-b641-d031edf2b347}</UniqueIdentifier>
    </Filter>
    <Filter Include="Resource Files">
      <UniqueIdentifier>{58a42e7e-3ed2-4fa7-b971-a427404309b0}</UniqueIdentifier>
    </Filter>
  </ItemGroup>
</Project>