
Microsoft Visual Studio Solution File, Format Version 12.00
# Visual Studio Version 17
VisualStudioVersion = 17.4.33213.308
MinimumVisualStudioVersion = 10.0.40219.1
Project("{8BC9CEB8-8B4A-11D0-8D11-00A0C91BC942}") = "KOF.Bot", "KOF.Bot\KOF.Bot.vcxproj", "{D4F62534-8A9A-4965-A0D2-0EC63529307A}"
	ProjectSection(ProjectDependencies) = postProject
		{7342521E-A9D2-4678-ACB9-676D2C18E4D4} = {7342521E-A9D2-4678-ACB9-676D2C18E4D4}
		{7F226843-ED29-43FC-8863-22EED0756988} = {7F226843-ED29-43FC-8863-22EED0756988}
		{E5C06A9D-C59D-4568-AA72-82194C8D54B2} = {E5C06A9D-C59D-4568-AA72-82194C8D54B2}
	EndProjectSection
EndProject
Project("{8BC9CEB8-8B4A-11D0-8D11-00A0C91BC942}") = "KOF.Updater", "KOF.Updater\KOF.Updater.vcxproj", "{E5C06A9D-C59D-4568-AA72-82194C8D54B2}"
EndProject
Project("{8BC9CEB8-8B4A-11D0-8D11-00A0C91BC942}") = "KOF.Checksum", "KOF.Checksum\KOF.Checksum.vcxproj", "{D047D01E-5BBB-44E8-ABEA-E7447763B068}"
EndProject
Project("{8BC9CEB8-8B4A-11D0-8D11-00A0C91BC942}") = "KOF.Adapter", "KOF.Adapter\KOF.Adapter.vcxproj", "{7F226843-ED29-43FC-8863-22EED0756988}"
EndProject
Project("{8BC9CEB8-8B4A-11D0-8D11-00A0C91BC942}") = "KOF.Connector", "KOF.Connector\KOF.Connector.vcxproj", "{7342521E-A9D2-4678-ACB9-676D2C18E4D4}"
EndProject
Project("{2150E333-8FDC-42A3-9474-1A3956D46DE8}") = "Updater", "Updater", "{CE7BBA74-5FDD-48CC-8449-7DBBEBEB5CD6}"
EndProject
Project("{2150E333-8FDC-42A3-9474-1A3956D46DE8}") = "Engine", "Engine", "{A042BF00-E268-479B-AD1F-46F634F7C455}"
EndProject
Global
	GlobalSection(SolutionConfigurationPlatforms) = preSolution
		Debug|x64 = Debug|x64
		Debug|x86 = Debug|x86
		Production|x64 = Production|x64
		Production|x86 = Production|x86
		Release|x64 = Release|x64
		Release|x86 = Release|x86
	EndGlobalSection
	GlobalSection(ProjectConfigurationPlatforms) = postSolution
		{D4F62534-8A9A-4965-A0D2-0EC63529307A}.Debug|x64.ActiveCfg = Debug|x64
		{D4F62534-8A9A-4965-A0D2-0EC63529307A}.Debug|x64.Build.0 = Debug|x64
		{D4F62534-8A9A-4965-A0D2-0EC63529307A}.Debug|x86.ActiveCfg = Debug|Win32
		{D4F62534-8A9A-4965-A0D2-0EC63529307A}.Debug|x86.Build.0 = Debug|Win32
		{D4F62534-8A9A-4965-A0D2-0EC63529307A}.Production|x64.ActiveCfg = Production|x64
		{D4F62534-8A9A-4965-A0D2-0EC63529307A}.Production|x64.Build.0 = Production|x64
		{D4F62534-8A9A-4965-A0D2-0EC63529307A}.Production|x86.ActiveCfg = Production|Win32
		{D4F62534-8A9A-4965-A0D2-0EC63529307A}.Production|x86.Build.0 = Production|Win32
		{D4F62534-8A9A-4965-A0D2-0EC63529307A}.Release|x64.ActiveCfg = Release|x64
		{D4F62534-8A9A-4965-A0D2-0EC63529307A}.Release|x64.Build.0 = Release|x64
		{D4F62534-8A9A-4965-A0D2-0EC63529307A}.Release|x86.ActiveCfg = Release|Win32
		{D4F62534-8A9A-4965-A0D2-0EC63529307A}.Release|x86.Build.0 = Release|Win32
		{E5C06A9D-C59D-4568-AA72-82194C8D54B2}.Debug|x64.ActiveCfg = Debug|x64
		{E5C06A9D-C59D-4568-AA72-82194C8D54B2}.Debug|x64.Build.0 = Debug|x64
		{E5C06A9D-C59D-4568-AA72-82194C8D54B2}.Debug|x86.ActiveCfg = Debug|Win32
		{E5C06A9D-C59D-4568-AA72-82194C8D54B2}.Debug|x86.Build.0 = Debug|Win32
		{E5C06A9D-C59D-4568-AA72-82194C8D54B2}.Production|x64.ActiveCfg = Production|x64
		{E5C06A9D-C59D-4568-AA72-82194C8D54B2}.Production|x64.Build.0 = Production|x64
		{E5C06A9D-C59D-4568-AA72-82194C8D54B2}.Production|x86.ActiveCfg = Production|Win32
		{E5C06A9D-C59D-4568-AA72-82194C8D54B2}.Production|x86.Build.0 = Production|Win32
		{E5C06A9D-C59D-4568-AA72-82194C8D54B2}.Release|x64.ActiveCfg = Release|x64
		{E5C06A9D-C59D-4568-AA72-82194C8D54B2}.Release|x64.Build.0 = Release|x64
		{E5C06A9D-C59D-4568-AA72-82194C8D54B2}.Release|x86.ActiveCfg = Release|Win32
		{E5C06A9D-C59D-4568-AA72-82194C8D54B2}.Release|x86.Build.0 = Release|Win32
		{D047D01E-5BBB-44E8-ABEA-E7447763B068}.Debug|x64.ActiveCfg = Debug|x64
		{D047D01E-5BBB-44E8-ABEA-E7447763B068}.Debug|x64.Build.0 = Debug|x64
		{D047D01E-5BBB-44E8-ABEA-E7447763B068}.Debug|x86.ActiveCfg = Debug|Win32
		{D047D01E-5BBB-44E8-ABEA-E7447763B068}.Debug|x86.Build.0 = Debug|Win32
		{D047D01E-5BBB-44E8-ABEA-E7447763B068}.Production|x64.ActiveCfg = Production|x64
		{D047D01E-5BBB-44E8-ABEA-E7447763B068}.Production|x64.Build.0 = Production|x64
		{D047D01E-5BBB-44E8-ABEA-E7447763B068}.Production|x86.ActiveCfg = Production|Win32
		{D047D01E-5BBB-44E8-ABEA-E7447763B068}.Production|x86.Build.0 = Production|Win32
		{D047D01E-5BBB-44E8-ABEA-E7447763B068}.Release|x64.ActiveCfg = Release|x64
		{D047D01E-5BBB-44E8-ABEA-E7447763B068}.Release|x64.Build.0 = Release|x64
		{D047D01E-5BBB-44E8-ABEA-E7447763B068}.Release|x86.ActiveCfg = Release|Win32
		{D047D01E-5BBB-44E8-ABEA-E7447763B068}.Release|x86.Build.0 = Release|Win32
		{7F226843-ED29-43FC-8863-22EED0756988}.Debug|x64.ActiveCfg = Debug|x64
		{7F226843-ED29-43FC-8863-22EED0756988}.Debug|x64.Build.0 = Debug|x64
		{7F226843-ED29-43FC-8863-22EED0756988}.Debug|x86.ActiveCfg = Debug|Win32
		{7F226843-ED29-43FC-8863-22EED0756988}.Debug|x86.Build.0 = Debug|Win32
		{7F226843-ED29-43FC-8863-22EED0756988}.Production|x64.ActiveCfg = Production|x64
		{7F226843-ED29-43FC-8863-22EED0756988}.Production|x64.Build.0 = Production|x64
		{7F226843-ED29-43FC-8863-22EED0756988}.Production|x86.ActiveCfg = Production|Win32
		{7F226843-ED29-43FC-8863-22EED0756988}.Production|x86.Build.0 = Production|Win32
		{7F226843-ED29-43FC-8863-22EED0756988}.Release|x64.ActiveCfg = Release|x64
		{7F226843-ED29-43FC-8863-22EED0756988}.Release|x64.Build.0 = Release|x64
		{7F226843-ED29-43FC-8863-22EED0756988}.Release|x86.ActiveCfg = Release|Win32
		{7F226843-ED29-43FC-8863-22EED0756988}.Release|x86.Build.0 = Release|Win32
		{7342521E-A9D2-4678-ACB9-676D2C18E4D4}.Debug|x64.ActiveCfg = Debug|x64
		{7342521E-A9D2-4678-ACB9-676D2C18E4D4}.Debug|x64.Build.0 = Debug|x64
		{7342521E-A9D2-4678-ACB9-676D2C18E4D4}.Debug|x86.ActiveCfg = Debug|Win32
		{7342521E-A9D2-4678-ACB9-676D2C18E4D4}.Production|x64.ActiveCfg = Production|x64
		{7342521E-A9D2-4678-ACB9-676D2C18E4D4}.Production|x64.Build.0 = Production|x64
		{7342521E-A9D2-4678-ACB9-676D2C18E4D4}.Production|x86.ActiveCfg = Production|Win32
		{7342521E-A9D2-4678-ACB9-676D2C18E4D4}.Production|x86.Build.0 = Production|Win32
		{7342521E-A9D2-4678-ACB9-676D2C18E4D4}.Release|x64.ActiveCfg = Release|x64
		{7342521E-A9D2-4678-ACB9-676D2C18E4D4}.Release|x64.Build.0 = Release|x64
		{7342521E-A9D2-4678-ACB9-676D2C18E4D4}.Release|x86.ActiveCfg = Release|Win32
		{7342521E-A9D2-4678-ACB9-676D2C18E4D4}.Release|x86.Build.0 = Release|Win32
	EndGlobalSection
	GlobalSection(SolutionProperties) = preSolution
		HideSolutionNode = FALSE
	EndGlobalSection
	GlobalSection(NestedProjects) = preSolution
		{D4F62534-8A9A-4965-A0D2-0EC63529307A} = {A042BF00-E268-479B-AD1F-46F634F7C455}
		{E5C06A9D-C59D-4568-AA72-82194C8D54B2} = {CE7BBA74-5FDD-48CC-8449-7DBBEBEB5CD6}
		{D047D01E-5BBB-44E8-ABEA-E7447763B068} = {CE7BBA74-5FDD-48CC-8449-7DBBEBEB5CD6}
		{7F226843-ED29-43FC-8863-22EED0756988} = {A042BF00-E268-479B-AD1F-46F634F7C455}
		{7342521E-A9D2-4678-ACB9-676D2C18E4D4} = {A042BF00-E268-479B-AD1F-46F634F7C455}
	EndGlobalSection
	GlobalSection(ExtensibilityGlobals) = postSolution
		SolutionGuid = {28292C4C-814E-471F-8423-BCA075491EE2}
	EndGlobalSection
EndGlobal
