<?xml version="1.0" encoding="utf-8"?>
<Project ToolsVersion="4.0" xmlns="http://schemas.microsoft.com/developer/msbuild/2003">
  <ItemGroup>
    <ClCompile Include="Main.cpp" />
    <ClCompile Include="ImGui\imgui.cpp">
      <Filter>Dependecies\ImGui\Source Files</Filter>
    </ClCompile>
    <ClCompile Include="ImGui\imgui_demo.cpp">
      <Filter>Dependecies\ImGui\Source Files</Filter>
    </ClCompile>
    <ClCompile Include="ImGui\imgui_draw.cpp">
      <Filter>Dependecies\ImGui\Source Files</Filter>
    </ClCompile>
    <ClCompile Include="ImGui\imgui_impl_dx11.cpp">
      <Filter>Dependecies\ImGui\Source Files</Filter>
    </ClCompile>
    <ClCompile Include="ImGui\imgui_impl_win32.cpp">
      <Filter>Dependecies\ImGui\Source Files</Filter>
    </ClCompile>
    <ClCompile Include="ImGui\imgui_tables.cpp">
      <Filter>Dependecies\ImGui\Source Files</Filter>
    </ClCompile>
    <ClCompile Include="ImGui\imgui_widgets.cpp">
      <Filter>Dependecies\ImGui\Source Files</Filter>
    </ClCompile>
    <ClCompile Include="Bot.cpp">
      <Filter>Source Files\Bot</Filter>
    </ClCompile>
    <ClCompile Include="Client.cpp">
      <Filter>Source Files\Bot</Filter>
    </ClCompile>
    <ClCompile Include="ClientProcessor.cpp">
      <Filter>Source Files\Bot</Filter>
    </ClCompile>
    <ClCompile Include="Drawing.cpp">
      <Filter>Source Files\UI</Filter>
    </ClCompile>
    <ClCompile Include="UI.cpp">
      <Filter>Source Files\UI</Filter>
    </ClCompile>
  </ItemGroup>
  <ItemGroup>
    <ClInclude Include="ImGui\imconfig.h">
      <Filter>Dependecies\ImGui\Header Files</Filter>
    </ClInclude>
    <ClInclude Include="ImGui\imgui.h">
      <Filter>Dependecies\ImGui\Header Files</Filter>
    </ClInclude>
    <ClInclude Include="ImGui\imgui_impl_dx11.h">
      <Filter>Dependecies\ImGui\Header Files</Filter>
    </ClInclude>
    <ClInclude Include="ImGui\imgui_impl_win32.h">
      <Filter>Dependecies\ImGui\Header Files</Filter>
    </ClInclude>
    <ClInclude Include="ImGui\imgui_internal.h">
      <Filter>Dependecies\ImGui\Header Files</Filter>
    </ClInclude>
    <ClInclude Include="ImGui\imstb_rectpack.h">
      <Filter>Dependecies\ImGui\Header Files</Filter>
    </ClInclude>
    <ClInclude Include="ImGui\imstb_textedit.h">
      <Filter>Dependecies\ImGui\Header Files</Filter>
    </ClInclude>
    <ClInclude Include="ImGui\imstb_truetype.h">
      <Filter>Dependecies\ImGui\Header Files</Filter>
    </ClInclude>
    <ClInclude Include="Bot.h">
      <Filter>Header Files\Bot</Filter>
    </ClInclude>
    <ClInclude Include="Client.h">
      <Filter>Header Files\Bot</Filter>
    </ClInclude>
    <ClInclude Include="ClientProcessor.h">
      <Filter>Header Files\Bot</Filter>
    </ClInclude>
    <ClInclude Include="UI.h">
      <Filter>Header Files\UI</Filter>
    </ClInclude>
    <ClInclude Include="Drawing.h">
      <Filter>Header Files\UI</Filter>
    </ClInclude>
    <ClInclude Include="Define.h">
      <Filter>Header Files\Common</Filter>
    </ClInclude>
    <ClInclude Include="Memory.h">
      <Filter>Header Files\Common</Filter>
    </ClInclude>
  </ItemGroup>
  <ItemGroup>
    <Filter Include="Header Files">
      <UniqueIdentifier>{ea4b881d-73a4-4b8a-8488-431c2fd33aef}</UniqueIdentifier>
    </Filter>
    <Filter Include="Source Files">
      <UniqueIdentifier>{e36f62ee-ad3f-4061-8539-d3d1015ab63e}</UniqueIdentifier>
    </Filter>
    <Filter Include="Source Files\Bot">
      <UniqueIdentifier>{cec66fbe-5e0c-483a-a2c4-1d4917d81170}</UniqueIdentifier>
    </Filter>
    <Filter Include="Source Files\UI">
      <UniqueIdentifier>{80d4dd2d-cff3-4328-877d-2b571db1a22f}</UniqueIdentifier>
    </Filter>
    <Filter Include="Header Files\Bot">
      <UniqueIdentifier>{e6cea13f-07b2-48aa-a9cf-8ef53d4ad1e6}</UniqueIdentifier>
    </Filter>
    <Filter Include="Header Files\UI">
      <UniqueIdentifier>{efae3795-60a6-41f1-9850-9fcf4b75c965}</UniqueIdentifier>
    </Filter>
    <Filter Include="Header Files\Common">
      <UniqueIdentifier>{c3c22101-3182-45af-84b4-1de22ec9c25a}</UniqueIdentifier>
    </Filter>
    <Filter Include="Dependecies">
      <UniqueIdentifier>{c9cb6b5c-a816-47f8-bbb5-72ca6835e663}</UniqueIdentifier>
    </Filter>
    <Filter Include="Dependecies\ImGui">
      <UniqueIdentifier>{c34d2b08-7713-4840-86f2-ceb3dbaeb83a}</UniqueIdentifier>
    </Filter>
    <Filter Include="Dependecies\ImGui\Header Files">
      <UniqueIdentifier>{2371dc21-aea4-49e1-8f5b-ad411dd4c55d}</UniqueIdentifier>
    </Filter>
    <Filter Include="Dependecies\ImGui\Source Files">
      <UniqueIdentifier>{fdc12349-dc74-403a-bd28-00e6cb44dd58}</UniqueIdentifier>
    </Filter>
  </ItemGroup>
</Project>