<?xml version="1.0" encoding="utf-8"?>
<Project ToolsVersion="4.0" xmlns="http://schemas.microsoft.com/developer/msbuild/2003">
  <ItemGroup>
    <Filter Include="Source Files">
      <UniqueIdentifier>{4FC737F1-C7A5-4376-A066-2A32D752A2FF}</UniqueIdentifier>
      <Extensions>cpp;c;cc;cxx;c++;cppm;ixx;def;odl;idl;hpj;bat;asm;asmx</Extensions>
    </Filter>
    <Filter Include="Header Files">
      <UniqueIdentifier>{93995380-89BD-4b04-88EB-625FBE52EBFB}</UniqueIdentifier>
      <Extensions>h;hh;hpp;hxx;h++;hm;inl;inc;ipp;xsd</Extensions>
    </Filter>
    <Filter Include="Resource Files">
      <UniqueIdentifier>{67DA6AB6-F800-4c08-8B7A-83BB121AAD01}</UniqueIdentifier>
      <Extensions>rc;ico;cur;bmp;dlg;rc2;rct;bin;rgs;gif;jpg;jpeg;jpe;resx;tiff;tif;png;wav;mfcribbon-ms</Extensions>
    </Filter>
    <Filter Include="Header Files\Socket">
      <UniqueIdentifier>{b688d6ae-ef16-44e3-9d0a-9fd08dd78170}</UniqueIdentifier>
    </Filter>
    <Filter Include="Source Files\Socket">
      <UniqueIdentifier>{5bf2a254-ebbc-4ee4-b1eb-1f5f2b0c6a7c}</UniqueIdentifier>
    </Filter>
    <Filter Include="Header Files\Utility">
      <UniqueIdentifier>{e939a28e-c21a-40b5-87b8-2cfb8b2a79a5}</UniqueIdentifier>
    </Filter>
    <Filter Include="Header Files\UI">
      <UniqueIdentifier>{aa398c93-09cb-4db2-b6ed-5726aa6db5ce}</UniqueIdentifier>
    </Filter>
    <Filter Include="Source Files\UI">
      <UniqueIdentifier>{c2d3147f-dde6-4099-ab40-8c144494430d}</UniqueIdentifier>
    </Filter>
    <Filter Include="Source Files\Utility">
      <UniqueIdentifier>{1a44ca4e-28f4-4d32-89c1-b39003bf91b4}</UniqueIdentifier>
    </Filter>
    <Filter Include="Source Files\Core">
      <UniqueIdentifier>{c7ea4ddd-d8d1-4cbf-afac-548c314cecea}</UniqueIdentifier>
    </Filter>
    <Filter Include="Header Files\Core">
      <UniqueIdentifier>{12e3cb60-7e3d-44aa-908c-a7a5e8b45568}</UniqueIdentifier>
    </Filter>
    <Filter Include="Header Files\Client">
      <UniqueIdentifier>{73e14223-10e0-4283-b81d-fe5c4eb2cfc0}</UniqueIdentifier>
    </Filter>
    <Filter Include="Source Files\Client">
      <UniqueIdentifier>{a12b818c-6f41-441a-b416-495cad0eeb1f}</UniqueIdentifier>
    </Filter>
    <Filter Include="Header Files\Security">
      <UniqueIdentifier>{14152c23-640e-47cc-a223-ec245ee3bf14}</UniqueIdentifier>
    </Filter>
  </ItemGroup>
  <ItemGroup>
    <ClInclude Include="pch.h">
      <Filter>Header Files</Filter>
    </ClInclude>
    <ClInclude Include="framework.h">
      <Filter>Header Files</Filter>
    </ClInclude>
    <ClInclude Include="Define.h">
      <Filter>Header Files</Filter>
    </ClInclude>
    <ClInclude Include="UI.h">
      <Filter>Header Files\UI</Filter>
    </ClInclude>
    <ClInclude Include="Drawing.h">
      <Filter>Header Files\UI</Filter>
    </ClInclude>
    <ClInclude Include="Socket.h">
      <Filter>Header Files\Socket</Filter>
    </ClInclude>
    <ClInclude Include="Cryption.h">
      <Filter>Header Files\Utility</Filter>
    </ClInclude>
    <ClInclude Include="BaseSocket.h">
      <Filter>Header Files\Socket</Filter>
    </ClInclude>
    <ClInclude Include="TcpSocket.h">
      <Filter>Header Files\Socket</Filter>
    </ClInclude>
    <ClInclude Include="ByteBuffer.h">
      <Filter>Header Files\Utility</Filter>
    </ClInclude>
    <ClInclude Include="Packet.h">
      <Filter>Header Files\Socket</Filter>
    </ClInclude>
    <ClInclude Include="PacketHeader.h">
      <Filter>Header Files\Socket</Filter>
    </ClInclude>
    <ClInclude Include="Ini.h">
      <Filter>Header Files\Utility</Filter>
    </ClInclude>
    <ClInclude Include="Trim.h">
      <Filter>Header Files\Utility</Filter>
    </ClInclude>
    <ClInclude Include="Bot.h">
      <Filter>Header Files\Core</Filter>
    </ClInclude>
    <ClInclude Include="Service.h">
      <Filter>Header Files\Core</Filter>
    </ClInclude>
    <ClInclude Include="Client.h">
      <Filter>Header Files\Client</Filter>
    </ClInclude>
    <ClInclude Include="ClientHandler.h">
      <Filter>Header Files\Client</Filter>
    </ClInclude>
    <ClInclude Include="Memory.h">
      <Filter>Header Files\Utility</Filter>
    </ClInclude>
    <ClInclude Include="Enum.h">
      <Filter>Header Files</Filter>
    </ClInclude>
    <ClInclude Include="Struct.h">
      <Filter>Header Files</Filter>
    </ClInclude>
    <ClInclude Include="Table.h">
      <Filter>Header Files\Utility</Filter>
    </ClInclude>
    <ClInclude Include="Remap.h">
      <Filter>Header Files\Utility</Filter>
    </ClInclude>
    <ClInclude Include="SkCrypter.h">
      <Filter>Header Files\Utility</Filter>
    </ClInclude>
    <ClInclude Include="resource.h">
      <Filter>Header Files</Filter>
    </ClInclude>
    <ClInclude Include="targetver.h">
      <Filter>Header Files</Filter>
    </ClInclude>
    <ClInclude Include="Password.h">
      <Filter>Header Files</Filter>
    </ClInclude>
    <ClInclude Include="crc32.h">
      <Filter>Header Files\Utility</Filter>
    </ClInclude>
    <ClInclude Include="AntiDebug.h">
      <Filter>Header Files\Security</Filter>
    </ClInclude>
    <ClInclude Include="Injector.h">
      <Filter>Header Files\Utility</Filter>
    </ClInclude>
    <ClInclude Include="Compression.h">
      <Filter>Header Files\Utility</Filter>
    </ClInclude>
    <ClInclude Include="lzf.h">
      <Filter>Header Files\Utility</Filter>
    </ClInclude>
    <ClInclude Include="HardwareInformation.h">
      <Filter>Header Files\Utility</Filter>
    </ClInclude>
    <ClInclude Include="Compression_LZF.h">
      <Filter>Header Files\Utility</Filter>
    </ClInclude>
    <ClInclude Include="Compression_Snappy.h">
      <Filter>Header Files\Utility</Filter>
    </ClInclude>
    <ClInclude Include="InteractiveCheck.h">
      <Filter>Header Files\Security</Filter>
    </ClInclude>
    <ClInclude Include="Trap.h">
      <Filter>Header Files\Security</Filter>
    </ClInclude>
    <ClInclude Include="VMProtect.h">
      <Filter>Header Files\Security</Filter>
    </ClInclude>
  </ItemGroup>
  <ItemGroup>
    <ClCompile Include="pch.cpp">
      <Filter>Source Files</Filter>
    </ClCompile>
    <ClCompile Include="main.cpp">
      <Filter>Source Files</Filter>
    </ClCompile>
    <ClCompile Include="UI.cpp">
      <Filter>Source Files\UI</Filter>
    </ClCompile>
    <ClCompile Include="Drawing.cpp">
      <Filter>Source Files\UI</Filter>
    </ClCompile>
    <ClCompile Include="Socket.cpp">
      <Filter>Source Files\Socket</Filter>
    </ClCompile>
    <ClCompile Include="Ini.cpp">
      <Filter>Source Files\Utility</Filter>
    </ClCompile>
    <ClCompile Include="Bot.cpp">
      <Filter>Source Files\Core</Filter>
    </ClCompile>
    <ClCompile Include="Service.cpp">
      <Filter>Source Files\Core</Filter>
    </ClCompile>
    <ClCompile Include="Client.cpp">
      <Filter>Source Files\Client</Filter>
    </ClCompile>
    <ClCompile Include="ClientHandler.cpp">
      <Filter>Source Files\Client</Filter>
    </ClCompile>
    <ClCompile Include="crc32.cpp">
      <Filter>Source Files\Utility</Filter>
    </ClCompile>
    <ClCompile Include="Injector.cpp">
      <Filter>Source Files\Utility</Filter>
    </ClCompile>
    <ClCompile Include="Compression.cpp">
      <Filter>Source Files\Utility</Filter>
    </ClCompile>
    <ClCompile Include="lzf.cpp">
      <Filter>Source Files\Utility</Filter>
    </ClCompile>
    <ClCompile Include="Compression_LZF.cpp">
      <Filter>Source Files\Utility</Filter>
    </ClCompile>
    <ClCompile Include="Compression_Snappy.cpp">
      <Filter>Source Files\Utility</Filter>
    </ClCompile>
  </ItemGroup>
  <ItemGroup>
    <Image Include="KOF.ico">
      <Filter>Resource Files</Filter>
    </Image>
  </ItemGroup>
  <ItemGroup>
    <ResourceCompile Include="KOF.rc">
      <Filter>Resource Files</Filter>
    </ResourceCompile>
  </ItemGroup>
</Project>